
Microsoft Visual Studio Solution File, Format Version 12.00
# Visual Studio Version 16
VisualStudioVersion = 16.0.31729.503
MinimumVisualStudioVersion = 10.0.40219.1
Project("{FAE04EC0-301F-11D3-BF4B-00C04F79EFBC}") = "B23 Ex02 Ariel 315363366 Adi 206820045", "B23 Ex02 Ariel 315363366 Adi 206820045\B23 Ex02 Ariel 315363366 Adi 206820045.csproj", "{F62C6102-31E1-414C-B041-FB1238A0F0E2}"
EndProject
Global
	GlobalSection(SolutionConfigurationPlatforms) = preSolution
		Debug|Any CPU = Debug|Any CPU
		Release|Any CPU = Release|Any CPU
	EndGlobalSection
	GlobalSection(ProjectConfigurationPlatforms) = postSolution
		{F62C6102-31E1-414C-B041-FB1238A0F0E2}.Debug|Any CPU.ActiveCfg = Debug|Any CPU
		{F62C6102-31E1-414C-B041-FB1238A0F0E2}.Debug|Any CPU.Build.0 = Debug|Any CPU
		{F62C6102-31E1-414C-B041-FB1238A0F0E2}.Release|Any CPU.ActiveCfg = Release|Any CPU
		{F62C6102-31E1-414C-B041-FB1238A0F0E2}.Release|Any CPU.Build.0 = Release|Any CPU
	EndGlobalSection
	GlobalSection(SolutionProperties) = preSolution
		HideSolutionNode = FALSE
	EndGlobalSection
	GlobalSection(ExtensibilityGlobals) = postSolution
		SolutionGuid = {FAD6B7BE-09A6-4DCC-8D6F-982A95F3E39B}
	EndGlobalSection
EndGlobal
